{
    "_meta": {
        "hash": {
            "sha256": "bae7a7676d8c4a0c04d07d5f51ef4f5f360c410b26db187b02849203d5157c43"
        },
        "pipfile-spec": 6,
        "requires": {
            "python_version": "3.8"
        },
        "sources": [
            {
                "name": "decefi-drone",
                "url": "https://pypi.python.org/simple",
                "verify_ssl": true
            }
        ]
    },
    "default": {},
    "develop": {}
}